
Microsoft Visual Studio Solution File, Format Version 12.00
# Visual Studio Version 17
VisualStudioVersion = 17.13.35931.197 d17.13
MinimumVisualStudioVersion = 10.0.40219.1
Project("{54A90642-561A-4BB1-A94E-469ADEE60C69}") = "UniRide.Web", "frontend\UniRide.Web.esproj", "{766803A1-78FA-8031-4D60-2D45294E9E34}"
EndProject
Project("{FAE04EC0-301F-11D3-BF4B-00C04F79EFBC}") = "UniRide.Api", "backend\UniRide.Api.csproj", "{8E02FC4E-E404-469A-82BC-970AF40A3484}"
EndProject
Global
	GlobalSection(SolutionConfigurationPlatforms) = preSolution
		Debug|Any CPU = Debug|Any CPU
		Release|Any CPU = Release|Any CPU
	EndGlobalSection
	GlobalSection(ProjectConfigurationPlatforms) = postSolution
		{766803A1-78FA-8031-4D60-2D45294E9E34}.Debug|Any CPU.ActiveCfg = Debug|Any CPU
		{766803A1-78FA-8031-4D60-2D45294E9E34}.Debug|Any CPU.Build.0 = Debug|Any CPU
		{766803A1-78FA-8031-4D60-2D45294E9E34}.Debug|Any CPU.Deploy.0 = Debug|Any CPU
		{766803A1-78FA-8031-4D60-2D45294E9E34}.Release|Any CPU.ActiveCfg = Release|Any CPU
		{766803A1-78FA-8031-4D60-2D45294E9E34}.Release|Any CPU.Build.0 = Release|Any CPU
		{766803A1-78FA-8031-4D60-2D45294E9E34}.Release|Any CPU.Deploy.0 = Release|Any CPU
		{8E02FC4E-E404-469A-82BC-970AF40A3484}.Debug|Any CPU.ActiveCfg = Debug|Any CPU
		{8E02FC4E-E404-469A-82BC-970AF40A3484}.Debug|Any CPU.Build.0 = Debug|Any CPU
		{8E02FC4E-E404-469A-82BC-970AF40A3484}.Release|Any CPU.ActiveCfg = Release|Any CPU
		{8E02FC4E-E404-469A-82BC-970AF40A3484}.Release|Any CPU.Build.0 = Release|Any CPU
	EndGlobalSection
	GlobalSection(SolutionProperties) = preSolution
		HideSolutionNode = FALSE
	EndGlobalSection
	GlobalSection(ExtensibilityGlobals) = postSolution
		SolutionGuid = {722CB6C6-D91E-4485-B819-63E675D50929}
	EndGlobalSection
EndGlobal
